// !$*UTF8*$!
{
	archiveVersion = 1;
	classes = {
	};
	objectVersion = 63;
	objects = {

/* Begin PBXBuildFile section */
		0384C6897B4C023B8E0EDAFB /* RemoteFileService.swift in Sources */ = {isa = PBXBuildFile; fileRef = EF4EBDC6D0FE1C019C3C404B /* RemoteFileService.swift */; };
		053F218D2F004F69BCB2A9D1 /* SearchViewModel.swift in Sources */ = {isa = PBXBuildFile; fileRef = 66AC850C1907C97654689F25 /* SearchViewModel.swift */; };
		08D449B2FCD839563D28E73A /* URL+Extensions.swift in Sources */ = {isa = PBXBuildFile; fileRef = 9B6219B4DB4376B9D457F04B /* URL+Extensions.swift */; };
		0A95157B703B08C4B2DDF526 /* AddConnectionView.swift in Sources */ = {isa = PBXBuildFile; fileRef = C9AEA12D55448D2043E54EEB /* AddConnectionView.swift */; };
		0BDB5E06E22657DF00F9BBA3 /* ServiceFactory.swift in Sources */ = {isa = PBXBuildFile; fileRef = 97B2C802C4391AAEDAC4EFD7 /* ServiceFactory.swift */; };
		0DD369084B5D3F1835CE4564 /* FFmpegPlayerEngine.swift in Sources */ = {isa = PBXBuildFile; fileRef = FA2769A9A3929130487A226B /* FFmpegPlayerEngine.swift */; };
		1094DA55B4FBE66DCF440AB0 /* ConnectionModels.swift in Sources */ = {isa = PBXBuildFile; fileRef = 1FDE885DCDD51B1BC837E421 /* ConnectionModels.swift */; };
		14EA1A3581D94AF5E0C7B3B6 /* PlayerEngineFactory.swift in Sources */ = {isa = PBXBuildFile; fileRef = 4927542CA0B0CB1C801B7104 /* PlayerEngineFactory.swift */; };
		197EEEB941D6C6F3220D8584 /* BrowserViewModel.swift in Sources */ = {isa = PBXBuildFile; fileRef = F6C0E5923BE6FFCEFCB6C4DC /* BrowserViewModel.swift */; };
		1AF2B09C006AF39CD9B4406F /* SettingsView.swift in Sources */ = {isa = PBXBuildFile; fileRef = F4FD492D409C7B0BA75E6B39 /* SettingsView.swift */; };
		21156474DADE809BFC7E4AF3 /* EmptyStateView.swift in Sources */ = {isa = PBXBuildFile; fileRef = 86D3F3AD3CCD5F63E8C40925 /* EmptyStateView.swift */; };
		2281344F0A25C3DC28C9AB47 /* PlaybackRecord.swift in Sources */ = {isa = PBXBuildFile; fileRef = 565616C3B840D93CC3E938A5 /* PlaybackRecord.swift */; };
		2DD0D4B83BF763364628E6FC /* PosterCard.swift in Sources */ = {isa = PBXBuildFile; fileRef = B7719C17F340864CF4664CC1 /* PosterCard.swift */; };
		3CBDFA6CC2E597136D0A5676 /* VanmoApp.swift in Sources */ = {isa = PBXBuildFile; fileRef = 7387B492C566DB95D6C62D0C /* VanmoApp.swift */; };
		3EA827C21AA4FF80936FC08E /* TMDbService.swift in Sources */ = {isa = PBXBuildFile; fileRef = 2B0E4380716893B5327EDFCB /* TMDbService.swift */; };
		40B23352EAEA2801537E0094 /* LoadingView.swift in Sources */ = {isa = PBXBuildFile; fileRef = 47EA488509E18DC2C884AAA5 /* LoadingView.swift */; };
		4D1FF76F2DBB43A073DBFCAF /* PlayerProgressBar.swift in Sources */ = {isa = PBXBuildFile; fileRef = FE32895B73644B009BEC9758 /* PlayerProgressBar.swift */; };
		64CF5C8E5EE52BF5A409698C /* TimeInterval+Formatting.swift in Sources */ = {isa = PBXBuildFile; fileRef = AD11C496362FE830670827E2 /* TimeInterval+Formatting.swift */; };
		6B23512097F76D4CF36CE647 /* MediaScanner.swift in Sources */ = {isa = PBXBuildFile; fileRef = 334527B3A23E78E2C0D6B055 /* MediaScanner.swift */; };
		6C559DE8C613197CDED94D0C /* Assets.xcassets in Resources */ = {isa = PBXBuildFile; fileRef = FAE01D009AD30867E0E07D15 /* Assets.xcassets */; };
		6F38412F2F8CD6FD00ABDF3E /* Kingfisher in Frameworks */ = {isa = PBXBuildFile; productRef = 6F38412E2F8CD6FD00ABDF3E /* Kingfisher */; };
		72BEFAE9AE6AA3775461CEA8 /* BrowserView.swift in Sources */ = {isa = PBXBuildFile; fileRef = 237FCC0D25C4262103CAEA13 /* BrowserView.swift */; };
		73EA987CC7F1298104A70F52 /* ContentView.swift in Sources */ = {isa = PBXBuildFile; fileRef = F3672B86EB9D1CDEA999C55B /* ContentView.swift */; };
		7585ED231E19EA3B2BB88EF7 /* MKVDemuxer.swift in Sources */ = {isa = PBXBuildFile; fileRef = 266323CC5DA97B448966BBE8 /* MKVDemuxer.swift */; };
		7A65E96F10319126F9A09F98 /* PlayerState.swift in Sources */ = {isa = PBXBuildFile; fileRef = CF351F2AF61293E876B9506A /* PlayerState.swift */; };
		7D4AF0FCDB253C55CCFAD2E2 /* Color+Vanmo.swift in Sources */ = {isa = PBXBuildFile; fileRef = CF16999E0012B66EF9F16C3F /* Color+Vanmo.swift */; };
		82345C9CA31F050453C59FB0 /* PlayerEngine.swift in Sources */ = {isa = PBXBuildFile; fileRef = 46008C0FE585AFB0989543DB /* PlayerEngine.swift */; };
		826D18F64711A688F69C554F /* WebDAVService.swift in Sources */ = {isa = PBXBuildFile; fileRef = C900FB34F4BBFFF323A8041B /* WebDAVService.swift */; };
		84880598895D6F1B69231F91 /* HardwareDecoder.swift in Sources */ = {isa = PBXBuildFile; fileRef = AA9E228BCF9F99C75F851456 /* HardwareDecoder.swift */; };
		8631E939899680C3ABB96B47 /* FileNameParser.swift in Sources */ = {isa = PBXBuildFile; fileRef = 52D957843FBE5C974DCBDE4B /* FileNameParser.swift */; };
		8AF236C21D46433490841F3B /* AudioRenderer.swift in Sources */ = {isa = PBXBuildFile; fileRef = FF07CA3A5092C0C3CF890069 /* AudioRenderer.swift */; };
		8BB64D8644EE2B2352FB49BC /* View+Extensions.swift in Sources */ = {isa = PBXBuildFile; fileRef = 1DEF27EA9A8800BC9E113E74 /* View+Extensions.swift */; };
		92FE67DF76138D930B46E066 /* SWXMLHash in Frameworks */ = {isa = PBXBuildFile; productRef = 8023341C67DBE97AAEFDD222 /* SWXMLHash */; };
		9674A00E86D78D53EDA38E2C /* SettingsViewModel.swift in Sources */ = {isa = PBXBuildFile; fileRef = 03DEC87067987F9F73EF86AC /* SettingsViewModel.swift */; };
		96980FF8C625A4CA15A5C525 /* MediaDetailView.swift in Sources */ = {isa = PBXBuildFile; fileRef = BEC3480B949E6965C136DCA2 /* MediaDetailView.swift */; };
		9CD389B71AFA7599F298FD22 /* RatingBadge.swift in Sources */ = {isa = PBXBuildFile; fileRef = EC6ABD1126A2D309D76CC059 /* RatingBadge.swift */; };
		A1B2C3D4E5F60001AABB0001 /* CountryMapper.swift in Sources */ = {isa = PBXBuildFile; fileRef = A1B2C3D4E5F60002AABB0001 /* CountryMapper.swift */; };
		A1B2C3D4E5F60001AABB0002 /* GenreFilterView.swift in Sources */ = {isa = PBXBuildFile; fileRef = A1B2C3D4E5F60002AABB0002 /* GenreFilterView.swift */; };
		A1B2C3D4E5F60001AABB0003 /* PersonFilterView.swift in Sources */ = {isa = PBXBuildFile; fileRef = A1B2C3D4E5F60002AABB0003 /* PersonFilterView.swift */; };
		A1B2C3D4E5F60001AABB0004 /* SecondFloorView.swift in Sources */ = {isa = PBXBuildFile; fileRef = A1B2C3D4E5F60002AABB0004 /* SecondFloorView.swift */; };
		A1B2C3D4E5F60001AABB0005 /* SecondFloorItemView.swift in Sources */ = {isa = PBXBuildFile; fileRef = A1B2C3D4E5F60002AABB0005 /* SecondFloorItemView.swift */; };
		A1B2C3D4E5F60001AABB0006 /* DominantColorExtractor.swift in Sources */ = {isa = PBXBuildFile; fileRef = A1B2C3D4E5F60002AABB0006 /* DominantColorExtractor.swift */; };
		A3B4C5D6E7F8A9B0C1D2E3F4 /* EmbyService.swift in Sources */ = {isa = PBXBuildFile; fileRef = D4E8F1A2B3C4D5E6F7A8B9C0 /* EmbyService.swift */; };
		B1FFB0DE69ED0DBB40070EDE /* VideoRenderer.swift in Sources */ = {isa = PBXBuildFile; fileRef = D5390D816E3B23936265770F /* VideoRenderer.swift */; };
		B7A9D4A1B82703BC7469CFD1 /* SearchView.swift in Sources */ = {isa = PBXBuildFile; fileRef = F4899D11636AAC1F440051DA /* SearchView.swift */; };
		B81860158F229AAAC96C7CD5 /* TrackSelectorView.swift in Sources */ = {isa = PBXBuildFile; fileRef = CB50A9840B362764031D0025 /* TrackSelectorView.swift */; };
		BBD18F5FE47CBCDA9937DB7A /* SubtitleManager.swift in Sources */ = {isa = PBXBuildFile; fileRef = 9EFFEC6353D013B6D1CADCE8 /* SubtitleManager.swift */; };
		C0A388896C2639B95314F339 /* SMBService.swift in Sources */ = {isa = PBXBuildFile; fileRef = 05B61CB7E7AA5DC184A6CDF5 /* SMBService.swift */; };
		C0B026066326C5E594DF0C93 /* MediaListRow.swift in Sources */ = {isa = PBXBuildFile; fileRef = 2375890C4120A60A9A76B30F /* MediaListRow.swift */; };
		C0F7E0FE82C8F19F0BC3D20B /* MetadataService.swift in Sources */ = {isa = PBXBuildFile; fileRef = 8D7CB32C26DBB63DECBF2ED8 /* MetadataService.swift */; };
		C14C03D8FB03333392179435 /* PlayerView.swift in Sources */ = {isa = PBXBuildFile; fileRef = 162372EE7823659FFCD1E918 /* PlayerView.swift */; };
		C1EBCAE6CA401A3D557F0223 /* SubtitleParser.swift in Sources */ = {isa = PBXBuildFile; fileRef = B228509B5E7EE777C2444A13 /* SubtitleParser.swift */; };
		C2F316B291D4AD249A16B8B4 /* KeychainManager.swift in Sources */ = {isa = PBXBuildFile; fileRef = E6640160B8471B99B8B34464 /* KeychainManager.swift */; };
		D0781E51FE351814142A7B35 /* MediaItem.swift in Sources */ = {isa = PBXBuildFile; fileRef = AA6A41E312952F47F072C7E3 /* MediaItem.swift */; };
		D7DF318522A915C85933D66A /* Logger.swift in Sources */ = {isa = PBXBuildFile; fileRef = DA0820A7D1C7C3A135E3E549 /* Logger.swift */; };
		DB26E3C4BEC970BA23430A51 /* Int64+FileSize.swift in Sources */ = {isa = PBXBuildFile; fileRef = F7A521F383F9593A5453CA43 /* Int64+FileSize.swift */; };
		DCC450A0575A8F1CD6F0C5F9 /* SRTParser.swift in Sources */ = {isa = PBXBuildFile; fileRef = C475BB78C7589F71EA30058D /* SRTParser.swift */; };
		E0103B6CF3BFE2DBE840F946 /* AppState.swift in Sources */ = {isa = PBXBuildFile; fileRef = 02FB3A1F58187535A7434A20 /* AppState.swift */; };
		E074FFC90A663AA52A6C951E /* BackdropHeader.swift in Sources */ = {isa = PBXBuildFile; fileRef = 1A15784CA3D10BE58DA67E69 /* BackdropHeader.swift */; };
		E250966FA2CF84BC4563EA9B /* TMDbModels.swift in Sources */ = {isa = PBXBuildFile; fileRef = D692958D69686AB80F38C635 /* TMDbModels.swift */; };
		E54F50FCB644F08D13A587BE /* VTTParser.swift in Sources */ = {isa = PBXBuildFile; fileRef = CA203DB4D4DA228418D9C0F1 /* VTTParser.swift */; };
		EEE94A8BC9E412841A4FA59F /* SubtitleOverlayView.swift in Sources */ = {isa = PBXBuildFile; fileRef = A3B7332CE86F10F0D7D0A3A4 /* SubtitleOverlayView.swift */; };
		EF67AFEA69D6D34EF1AC1A4E /* LibraryView.swift in Sources */ = {isa = PBXBuildFile; fileRef = A6B3D0B1F917828F998055F1 /* LibraryView.swift */; };
		F81CDA7A6F126D61EA48E2F3 /* NetworkError.swift in Sources */ = {isa = PBXBuildFile; fileRef = 255BC9880082B37A6C9F5612 /* NetworkError.swift */; };
		FE0A2201C9F3CDCA472EBE00 /* PlayerViewModel.swift in Sources */ = {isa = PBXBuildFile; fileRef = 96CE2D7094AEA16D95E3050C /* PlayerViewModel.swift */; };
		FF84C30ADC33D47677635F7B /* LibraryViewModel.swift in Sources */ = {isa = PBXBuildFile; fileRef = EDAAA9821B6C7B549EC0C654 /* LibraryViewModel.swift */; };
/* End PBXBuildFile section */

/* Begin PBXFileReference section */
		02FB3A1F58187535A7434A20 /* AppState.swift */ = {isa = PBXFileReference; lastKnownFileType = sourcecode.swift; path = AppState.swift; sourceTree = "<group>"; };
		03DEC87067987F9F73EF86AC /* SettingsViewModel.swift */ = {isa = PBXFileReference; lastKnownFileType = sourcecode.swift; path = SettingsViewModel.swift; sourceTree = "<group>"; };
		05B61CB7E7AA5DC184A6CDF5 /* SMBService.swift */ = {isa = PBXFileReference; lastKnownFileType = sourcecode.swift; path = SMBService.swift; sourceTree = "<group>"; };
		162372EE7823659FFCD1E918 /* PlayerView.swift */ = {isa = PBXFileReference; lastKnownFileType = sourcecode.swift; path = PlayerView.swift; sourceTree = "<group>"; };
		18EA22E1240358F4E17759AC /* Vanmo.entitlements */ = {isa = PBXFileReference; lastKnownFileType = text.plist.entitlements; path = Vanmo.entitlements; sourceTree = "<group>"; };
		1A15784CA3D10BE58DA67E69 /* BackdropHeader.swift */ = {isa = PBXFileReference; lastKnownFileType = sourcecode.swift; path = BackdropHeader.swift; sourceTree = "<group>"; };
		1DEF27EA9A8800BC9E113E74 /* View+Extensions.swift */ = {isa = PBXFileReference; lastKnownFileType = sourcecode.swift; path = "View+Extensions.swift"; sourceTree = "<group>"; };
		1FDE885DCDD51B1BC837E421 /* ConnectionModels.swift */ = {isa = PBXFileReference; lastKnownFileType = sourcecode.swift; path = ConnectionModels.swift; sourceTree = "<group>"; };
		2375890C4120A60A9A76B30F /* MediaListRow.swift */ = {isa = PBXFileReference; lastKnownFileType = sourcecode.swift; path = MediaListRow.swift; sourceTree = "<group>"; };
		237FCC0D25C4262103CAEA13 /* BrowserView.swift */ = {isa = PBXFileReference; lastKnownFileType = sourcecode.swift; path = BrowserView.swift; sourceTree = "<group>"; };
		255BC9880082B37A6C9F5612 /* NetworkError.swift */ = {isa = PBXFileReference; lastKnownFileType = sourcecode.swift; path = NetworkError.swift; sourceTree = "<group>"; };
		266323CC5DA97B448966BBE8 /* MKVDemuxer.swift */ = {isa = PBXFileReference; lastKnownFileType = sourcecode.swift; path = MKVDemuxer.swift; sourceTree = "<group>"; };
		2B0E4380716893B5327EDFCB /* TMDbService.swift */ = {isa = PBXFileReference; lastKnownFileType = sourcecode.swift; path = TMDbService.swift; sourceTree = "<group>"; };
		2ED5FA5F309C5FEE69C998B0 /* Vanmo.app */ = {isa = PBXFileReference; explicitFileType = wrapper.application; includeInIndex = 0; path = Vanmo.app; sourceTree = BUILT_PRODUCTS_DIR; };
		334527B3A23E78E2C0D6B055 /* MediaScanner.swift */ = {isa = PBXFileReference; lastKnownFileType = sourcecode.swift; path = MediaScanner.swift; sourceTree = "<group>"; };
		46008C0FE585AFB0989543DB /* PlayerEngine.swift */ = {isa = PBXFileReference; lastKnownFileType = sourcecode.swift; path = PlayerEngine.swift; sourceTree = "<group>"; };
		47EA488509E18DC2C884AAA5 /* LoadingView.swift */ = {isa = PBXFileReference; lastKnownFileType = sourcecode.swift; path = LoadingView.swift; sourceTree = "<group>"; };
		4927542CA0B0CB1C801B7104 /* PlayerEngineFactory.swift */ = {isa = PBXFileReference; lastKnownFileType = sourcecode.swift; path = PlayerEngineFactory.swift; sourceTree = "<group>"; };
		4B358B3F19A7451D4A44F686 /* Vanmo-Bridging-Header.h */ = {isa = PBXFileReference; lastKnownFileType = sourcecode.c.h; path = "Vanmo-Bridging-Header.h"; sourceTree = "<group>"; };
		52D957843FBE5C974DCBDE4B /* FileNameParser.swift */ = {isa = PBXFileReference; lastKnownFileType = sourcecode.swift; path = FileNameParser.swift; sourceTree = "<group>"; };
		565616C3B840D93CC3E938A5 /* PlaybackRecord.swift */ = {isa = PBXFileReference; lastKnownFileType = sourcecode.swift; path = PlaybackRecord.swift; sourceTree = "<group>"; };
		66AC850C1907C97654689F25 /* SearchViewModel.swift */ = {isa = PBXFileReference; lastKnownFileType = sourcecode.swift; path = SearchViewModel.swift; sourceTree = "<group>"; };
		7387B492C566DB95D6C62D0C /* VanmoApp.swift */ = {isa = PBXFileReference; lastKnownFileType = sourcecode.swift; path = VanmoApp.swift; sourceTree = "<group>"; };
		86D3F3AD3CCD5F63E8C40925 /* EmptyStateView.swift */ = {isa = PBXFileReference; lastKnownFileType = sourcecode.swift; path = EmptyStateView.swift; sourceTree = "<group>"; };
		8975545DA300E57FD1C133D1 /* Info.plist */ = {isa = PBXFileReference; lastKnownFileType = text.plist; path = Info.plist; sourceTree = "<group>"; };
		8D7CB32C26DBB63DECBF2ED8 /* MetadataService.swift */ = {isa = PBXFileReference; lastKnownFileType = sourcecode.swift; path = MetadataService.swift; sourceTree = "<group>"; };
		96CE2D7094AEA16D95E3050C /* PlayerViewModel.swift */ = {isa = PBXFileReference; lastKnownFileType = sourcecode.swift; path = PlayerViewModel.swift; sourceTree = "<group>"; };
		97B2C802C4391AAEDAC4EFD7 /* ServiceFactory.swift */ = {isa = PBXFileReference; lastKnownFileType = sourcecode.swift; path = ServiceFactory.swift; sourceTree = "<group>"; };
		9B6219B4DB4376B9D457F04B /* URL+Extensions.swift */ = {isa = PBXFileReference; lastKnownFileType = sourcecode.swift; path = "URL+Extensions.swift"; sourceTree = "<group>"; };
		9EFFEC6353D013B6D1CADCE8 /* SubtitleManager.swift */ = {isa = PBXFileReference; lastKnownFileType = sourcecode.swift; path = SubtitleManager.swift; sourceTree = "<group>"; };
		A1B2C3D4E5F60002AABB0001 /* CountryMapper.swift */ = {isa = PBXFileReference; lastKnownFileType = sourcecode.swift; path = CountryMapper.swift; sourceTree = "<group>"; };
		A1B2C3D4E5F60002AABB0002 /* GenreFilterView.swift */ = {isa = PBXFileReference; lastKnownFileType = sourcecode.swift; path = GenreFilterView.swift; sourceTree = "<group>"; };
		A1B2C3D4E5F60002AABB0003 /* PersonFilterView.swift */ = {isa = PBXFileReference; lastKnownFileType = sourcecode.swift; path = PersonFilterView.swift; sourceTree = "<group>"; };
		A1B2C3D4E5F60002AABB0004 /* SecondFloorView.swift */ = {isa = PBXFileReference; lastKnownFileType = sourcecode.swift; path = SecondFloorView.swift; sourceTree = "<group>"; };
		A1B2C3D4E5F60002AABB0005 /* SecondFloorItemView.swift */ = {isa = PBXFileReference; lastKnownFileType = sourcecode.swift; path = SecondFloorItemView.swift; sourceTree = "<group>"; };
		A1B2C3D4E5F60002AABB0006 /* DominantColorExtractor.swift */ = {isa = PBXFileReference; lastKnownFileType = sourcecode.swift; path = DominantColorExtractor.swift; sourceTree = "<group>"; };
		A3B7332CE86F10F0D7D0A3A4 /* SubtitleOverlayView.swift */ = {isa = PBXFileReference; lastKnownFileType = sourcecode.swift; path = SubtitleOverlayView.swift; sourceTree = "<group>"; };
		A6B3D0B1F917828F998055F1 /* LibraryView.swift */ = {isa = PBXFileReference; lastKnownFileType = sourcecode.swift; path = LibraryView.swift; sourceTree = "<group>"; };
		AA6A41E312952F47F072C7E3 /* MediaItem.swift */ = {isa = PBXFileReference; lastKnownFileType = sourcecode.swift; path = MediaItem.swift; sourceTree = "<group>"; };
		AA9E228BCF9F99C75F851456 /* HardwareDecoder.swift */ = {isa = PBXFileReference; lastKnownFileType = sourcecode.swift; path = HardwareDecoder.swift; sourceTree = "<group>"; };
		AD11C496362FE830670827E2 /* TimeInterval+Formatting.swift */ = {isa = PBXFileReference; lastKnownFileType = sourcecode.swift; path = "TimeInterval+Formatting.swift"; sourceTree = "<group>"; };
		B228509B5E7EE777C2444A13 /* SubtitleParser.swift */ = {isa = PBXFileReference; lastKnownFileType = sourcecode.swift; path = SubtitleParser.swift; sourceTree = "<group>"; };
		B7719C17F340864CF4664CC1 /* PosterCard.swift */ = {isa = PBXFileReference; lastKnownFileType = sourcecode.swift; path = PosterCard.swift; sourceTree = "<group>"; };
		BEC3480B949E6965C136DCA2 /* MediaDetailView.swift */ = {isa = PBXFileReference; lastKnownFileType = sourcecode.swift; path = MediaDetailView.swift; sourceTree = "<group>"; };
		C475BB78C7589F71EA30058D /* SRTParser.swift */ = {isa = PBXFileReference; lastKnownFileType = sourcecode.swift; path = SRTParser.swift; sourceTree = "<group>"; };
		C900FB34F4BBFFF323A8041B /* WebDAVService.swift */ = {isa = PBXFileReference; lastKnownFileType = sourcecode.swift; path = WebDAVService.swift; sourceTree = "<group>"; };
		C9AEA12D55448D2043E54EEB /* AddConnectionView.swift */ = {isa = PBXFileReference; lastKnownFileType = sourcecode.swift; path = AddConnectionView.swift; sourceTree = "<group>"; };
		CA203DB4D4DA228418D9C0F1 /* VTTParser.swift */ = {isa = PBXFileReference; lastKnownFileType = sourcecode.swift; path = VTTParser.swift; sourceTree = "<group>"; };
		CB50A9840B362764031D0025 /* TrackSelectorView.swift */ = {isa = PBXFileReference; lastKnownFileType = sourcecode.swift; path = TrackSelectorView.swift; sourceTree = "<group>"; };
		CF16999E0012B66EF9F16C3F /* Color+Vanmo.swift */ = {isa = PBXFileReference; lastKnownFileType = sourcecode.swift; path = "Color+Vanmo.swift"; sourceTree = "<group>"; };
		CF351F2AF61293E876B9506A /* PlayerState.swift */ = {isa = PBXFileReference; lastKnownFileType = sourcecode.swift; path = PlayerState.swift; sourceTree = "<group>"; };
		D4E8F1A2B3C4D5E6F7A8B9C0 /* EmbyService.swift */ = {isa = PBXFileReference; lastKnownFileType = sourcecode.swift; path = EmbyService.swift; sourceTree = "<group>"; };
		D5390D816E3B23936265770F /* VideoRenderer.swift */ = {isa = PBXFileReference; lastKnownFileType = sourcecode.swift; path = VideoRenderer.swift; sourceTree = "<group>"; };
		D692958D69686AB80F38C635 /* TMDbModels.swift */ = {isa = PBXFileReference; lastKnownFileType = sourcecode.swift; path = TMDbModels.swift; sourceTree = "<group>"; };
		DA0820A7D1C7C3A135E3E549 /* Logger.swift */ = {isa = PBXFileReference; lastKnownFileType = sourcecode.swift; path = Logger.swift; sourceTree = "<group>"; };
		E6640160B8471B99B8B34464 /* KeychainManager.swift */ = {isa = PBXFileReference; lastKnownFileType = sourcecode.swift; path = KeychainManager.swift; sourceTree = "<group>"; };
		EC6ABD1126A2D309D76CC059 /* RatingBadge.swift */ = {isa = PBXFileReference; lastKnownFileType = sourcecode.swift; path = RatingBadge.swift; sourceTree = "<group>"; };
		EDAAA9821B6C7B549EC0C654 /* LibraryViewModel.swift */ = {isa = PBXFileReference; lastKnownFileType = sourcecode.swift; path = LibraryViewModel.swift; sourceTree = "<group>"; };
		EF4EBDC6D0FE1C019C3C404B /* RemoteFileService.swift */ = {isa = PBXFileReference; lastKnownFileType = sourcecode.swift; path = RemoteFileService.swift; sourceTree = "<group>"; };
		F3672B86EB9D1CDEA999C55B /* ContentView.swift */ = {isa = PBXFileReference; lastKnownFileType = sourcecode.swift; path = ContentView.swift; sourceTree = "<group>"; };
		F4899D11636AAC1F440051DA /* SearchView.swift */ = {isa = PBXFileReference; lastKnownFileType = sourcecode.swift; path = SearchView.swift; sourceTree = "<group>"; };
		F4FD492D409C7B0BA75E6B39 /* SettingsView.swift */ = {isa = PBXFileReference; lastKnownFileType = sourcecode.swift; path = SettingsView.swift; sourceTree = "<group>"; };
		F6C0E5923BE6FFCEFCB6C4DC /* BrowserViewModel.swift */ = {isa = PBXFileReference; lastKnownFileType = sourcecode.swift; path = BrowserViewModel.swift; sourceTree = "<group>"; };
		F7A521F383F9593A5453CA43 /* Int64+FileSize.swift */ = {isa = PBXFileReference; lastKnownFileType = sourcecode.swift; path = "Int64+FileSize.swift"; sourceTree = "<group>"; };
		FA2769A9A3929130487A226B /* FFmpegPlayerEngine.swift */ = {isa = PBXFileReference; lastKnownFileType = sourcecode.swift; path = FFmpegPlayerEngine.swift; sourceTree = "<group>"; };
		FAE01D009AD30867E0E07D15 /* Assets.xcassets */ = {isa = PBXFileReference; lastKnownFileType = folder.assetcatalog; path = Assets.xcassets; sourceTree = "<group>"; };
		FE32895B73644B009BEC9758 /* PlayerProgressBar.swift */ = {isa = PBXFileReference; lastKnownFileType = sourcecode.swift; path = PlayerProgressBar.swift; sourceTree = "<group>"; };
		FF07CA3A5092C0C3CF890069 /* AudioRenderer.swift */ = {isa = PBXFileReference; lastKnownFileType = sourcecode.swift; path = AudioRenderer.swift; sourceTree = "<group>"; };
/* End PBXFileReference section */

/* Begin PBXFrameworksBuildPhase section */
		7887B2EB0F776C4377DC0786 /* Frameworks */ = {
			isa = PBXFrameworksBuildPhase;
			buildActionMask = 2147483647;
			files = (
				6F38412F2F8CD6FD00ABDF3E /* Kingfisher in Frameworks */,
				92FE67DF76138D930B46E066 /* SWXMLHash in Frameworks */,
			);
			runOnlyForDeploymentPostprocessing = 0;
		};
/* End PBXFrameworksBuildPhase section */

/* Begin PBXGroup section */
		033147F46632DF78009B84E9 /* Products */ = {
			isa = PBXGroup;
			children = (
				2ED5FA5F309C5FEE69C998B0 /* Vanmo.app */,
			);
			name = Products;
			sourceTree = "<group>";
		};
		0D650AD66912B79518250229 /* Localizable */ = {
			isa = PBXGroup;
			children = (
			);
			path = Localizable;
			sourceTree = "<group>";
		};
		16C349C91A3C194173834941 /* Models */ = {
			isa = PBXGroup;
			children = (
				1FDE885DCDD51B1BC837E421 /* ConnectionModels.swift */,
			);
			path = Models;
			sourceTree = "<group>";
		};
		178507B1D715420E8326931D /* Resources */ = {
			isa = PBXGroup;
			children = (
				FAE01D009AD30867E0E07D15 /* Assets.xcassets */,
				8975545DA300E57FD1C133D1 /* Info.plist */,
				179A074839A61DF46EB44FA9 /* Fonts */,
				0D650AD66912B79518250229 /* Localizable */,
			);
			path = Resources;
			sourceTree = "<group>";
		};
		179A074839A61DF46EB44FA9 /* Fonts */ = {
			isa = PBXGroup;
			children = (
			);
			path = Fonts;
			sourceTree = "<group>";
		};
		1959442BD26EC70FC39F23A9 /* Player */ = {
			isa = PBXGroup;
			children = (
				FF07CA3A5092C0C3CF890069 /* AudioRenderer.swift */,
				FA2769A9A3929130487A226B /* FFmpegPlayerEngine.swift */,
				AA9E228BCF9F99C75F851456 /* HardwareDecoder.swift */,
				266323CC5DA97B448966BBE8 /* MKVDemuxer.swift */,
				46008C0FE585AFB0989543DB /* PlayerEngine.swift */,
				4927542CA0B0CB1C801B7104 /* PlayerEngineFactory.swift */,
				CF351F2AF61293E876B9506A /* PlayerState.swift */,
				D5390D816E3B23936265770F /* VideoRenderer.swift */,
			);
			path = Player;
			sourceTree = "<group>";
		};
		24245A7639FA0E39912BA3DB /* Shared */ = {
			isa = PBXGroup;
			children = (
				7811318E1E5F992CD06E7AED /* Components */,
				AB9A87F281E5B395D21383BD /* Extensions */,
				4B26433A5D0C29A88EF58F62 /* Protocols */,
				B0D12706C0A3FA280DE62831 /* Utilities */,
			);
			path = Shared;
			sourceTree = "<group>";
		};
		2E53965946C24A639DC56562 /* Views */ = {
			isa = PBXGroup;
			children = (
				F4899D11636AAC1F440051DA /* SearchView.swift */,
			);
			path = Views;
			sourceTree = "<group>";
		};
		351148FFECB4682D7471B257 /* Views */ = {
			isa = PBXGroup;
			children = (
				C9AEA12D55448D2043E54EEB /* AddConnectionView.swift */,
				237FCC0D25C4262103CAEA13 /* BrowserView.swift */,
			);
			path = Views;
			sourceTree = "<group>";
		};
		3958F5F28318BD2C86C94A4C /* Models */ = {
			isa = PBXGroup;
			children = (
				AA6A41E312952F47F072C7E3 /* MediaItem.swift */,
				565616C3B840D93CC3E938A5 /* PlaybackRecord.swift */,
			);
			path = Models;
			sourceTree = "<group>";
		};
		3D96FA86B845E71680FA7EE6 /* ViewModels */ = {
			isa = PBXGroup;
			children = (
				03DEC87067987F9F73EF86AC /* SettingsViewModel.swift */,
			);
			path = ViewModels;
			sourceTree = "<group>";
		};
		47A253A5BD2F57DDD9C75880 = {
			isa = PBXGroup;
			children = (
				EEE7CE448AD3D26D2778B930 /* Vanmo */,
				033147F46632DF78009B84E9 /* Products */,
			);
			sourceTree = "<group>";
		};
		4B26433A5D0C29A88EF58F62 /* Protocols */ = {
			isa = PBXGroup;
			children = (
				EF4EBDC6D0FE1C019C3C404B /* RemoteFileService.swift */,
			);
			path = Protocols;
			sourceTree = "<group>";
		};
		6FB842B3BEA37479BD209F32 /* ViewModels */ = {
			isa = PBXGroup;
			children = (
				96CE2D7094AEA16D95E3050C /* PlayerViewModel.swift */,
			);
			path = ViewModels;
			sourceTree = "<group>";
		};
		7811318E1E5F992CD06E7AED /* Components */ = {
			isa = PBXGroup;
			children = (
				1A15784CA3D10BE58DA67E69 /* BackdropHeader.swift */,
				86D3F3AD3CCD5F63E8C40925 /* EmptyStateView.swift */,
				47EA488509E18DC2C884AAA5 /* LoadingView.swift */,
				B7719C17F340864CF4664CC1 /* PosterCard.swift */,
				EC6ABD1126A2D309D76CC059 /* RatingBadge.swift */,
			);
			path = Components;
			sourceTree = "<group>";
		};
		7C15E057E9DAA9A2A765C433 /* Settings */ = {
			isa = PBXGroup;
			children = (
				3D96FA86B845E71680FA7EE6 /* ViewModels */,
				D9A087A2FA74E0F1F5D784C0 /* Views */,
			);
			path = Settings;
			sourceTree = "<group>";
		};
		87CF162C3DF8B4997497BDF0 /* ViewModels */ = {
			isa = PBXGroup;
			children = (
				F6C0E5923BE6FFCEFCB6C4DC /* BrowserViewModel.swift */,
			);
			path = ViewModels;
			sourceTree = "<group>";
		};
		9458CCE784501C71C76EBEED /* Metadata */ = {
			isa = PBXGroup;
			children = (
				52D957843FBE5C974DCBDE4B /* FileNameParser.swift */,
				8D7CB32C26DBB63DECBF2ED8 /* MetadataService.swift */,
				D692958D69686AB80F38C635 /* TMDbModels.swift */,
				2B0E4380716893B5327EDFCB /* TMDbService.swift */,
			);
			path = Metadata;
			sourceTree = "<group>";
		};
		9C5E1BC07BD6523C7A02ACC6 /* Subtitle */ = {
			isa = PBXGroup;
			children = (
				C475BB78C7589F71EA30058D /* SRTParser.swift */,
				9EFFEC6353D013B6D1CADCE8 /* SubtitleManager.swift */,
				A3B7332CE86F10F0D7D0A3A4 /* SubtitleOverlayView.swift */,
				B228509B5E7EE777C2444A13 /* SubtitleParser.swift */,
				CA203DB4D4DA228418D9C0F1 /* VTTParser.swift */,
			);
			path = Subtitle;
			sourceTree = "<group>";
		};
		9ED5893EBB7E41F59F79B35F /* App */ = {
			isa = PBXGroup;
			children = (
				02FB3A1F58187535A7434A20 /* AppState.swift */,
				F3672B86EB9D1CDEA999C55B /* ContentView.swift */,
				7387B492C566DB95D6C62D0C /* VanmoApp.swift */,
			);
			path = App;
			sourceTree = "<group>";
		};
		A04937C917E8EA18C6A0D4A3 /* ViewModels */ = {
			isa = PBXGroup;
			children = (
				EDAAA9821B6C7B549EC0C654 /* LibraryViewModel.swift */,
			);
			path = ViewModels;
			sourceTree = "<group>";
		};
		AB9A87F281E5B395D21383BD /* Extensions */ = {
			isa = PBXGroup;
			children = (
				CF16999E0012B66EF9F16C3F /* Color+Vanmo.swift */,
				F7A521F383F9593A5453CA43 /* Int64+FileSize.swift */,
				AD11C496362FE830670827E2 /* TimeInterval+Formatting.swift */,
				9B6219B4DB4376B9D457F04B /* URL+Extensions.swift */,
				1DEF27EA9A8800BC9E113E74 /* View+Extensions.swift */,
			);
			path = Extensions;
			sourceTree = "<group>";
		};
		AFFB4DB824350D1FB180BEA1 /* ViewModels */ = {
			isa = PBXGroup;
			children = (
				66AC850C1907C97654689F25 /* SearchViewModel.swift */,
			);
			path = ViewModels;
			sourceTree = "<group>";
		};
		B0D12706C0A3FA280DE62831 /* Utilities */ = {
			isa = PBXGroup;
			children = (
				A1B2C3D4E5F60002AABB0001 /* CountryMapper.swift */,
				E6640160B8471B99B8B34464 /* KeychainManager.swift */,
				A1B2C3D4E5F60002AABB0006 /* DominantColorExtractor.swift */,
				DA0820A7D1C7C3A135E3E549 /* Logger.swift */,
			);
			path = Utilities;
			sourceTree = "<group>";
		};
		B0F0068513DDF3DDD68404A8 /* Player */ = {
			isa = PBXGroup;
			children = (
				6FB842B3BEA37479BD209F32 /* ViewModels */,
				EC8B41BAFB7C4D38FAA2F3A0 /* Views */,
			);
			path = Player;
			sourceTree = "<group>";
		};
		B215F6A372406201E4CDA400 /* Views */ = {
			isa = PBXGroup;
			children = (
				A1B2C3D4E5F60002AABB0002 /* GenreFilterView.swift */,
				A6B3D0B1F917828F998055F1 /* LibraryView.swift */,
				BEC3480B949E6965C136DCA2 /* MediaDetailView.swift */,
				2375890C4120A60A9A76B30F /* MediaListRow.swift */,
				A1B2C3D4E5F60002AABB0003 /* PersonFilterView.swift */,
				A1B2C3D4E5F60002AABB0004 /* SecondFloorView.swift */,
				A1B2C3D4E5F60002AABB0005 /* SecondFloorItemView.swift */,
			);
			path = Views;
			sourceTree = "<group>";
		};
		C4F6306D5A35C99BE819D9F9 /* Library */ = {
			isa = PBXGroup;
			children = (
				3958F5F28318BD2C86C94A4C /* Models */,
				A04937C917E8EA18C6A0D4A3 /* ViewModels */,
				B215F6A372406201E4CDA400 /* Views */,
			);
			path = Library;
			sourceTree = "<group>";
		};
		CDE6DFDDD553F911B65E0C54 /* Storage */ = {
			isa = PBXGroup;
			children = (
				334527B3A23E78E2C0D6B055 /* MediaScanner.swift */,
			);
			path = Storage;
			sourceTree = "<group>";
		};
		D248CA7B6BE164A5744F7FB5 /* Features */ = {
			isa = PBXGroup;
			children = (
				F9B7FC4381506630B8F9485D /* Browser */,
				C4F6306D5A35C99BE819D9F9 /* Library */,
				B0F0068513DDF3DDD68404A8 /* Player */,
				E1E08F6D6CA8A82F81D97F73 /* Search */,
				7C15E057E9DAA9A2A765C433 /* Settings */,
			);
			path = Features;
			sourceTree = "<group>";
		};
		D39BC939FCD228797E7CD529 /* Network */ = {
			isa = PBXGroup;
			children = (
				D4E8F1A2B3C4D5E6F7A8B9C0 /* EmbyService.swift */,
				255BC9880082B37A6C9F5612 /* NetworkError.swift */,
				97B2C802C4391AAEDAC4EFD7 /* ServiceFactory.swift */,
				05B61CB7E7AA5DC184A6CDF5 /* SMBService.swift */,
				C900FB34F4BBFFF323A8041B /* WebDAVService.swift */,
			);
			path = Network;
			sourceTree = "<group>";
		};
		D9A087A2FA74E0F1F5D784C0 /* Views */ = {
			isa = PBXGroup;
			children = (
				F4FD492D409C7B0BA75E6B39 /* SettingsView.swift */,
			);
			path = Views;
			sourceTree = "<group>";
		};
		DF171931D4FCCFCE69AF7F76 /* Core */ = {
			isa = PBXGroup;
			children = (
				9458CCE784501C71C76EBEED /* Metadata */,
				D39BC939FCD228797E7CD529 /* Network */,
				1959442BD26EC70FC39F23A9 /* Player */,
				CDE6DFDDD553F911B65E0C54 /* Storage */,
				9C5E1BC07BD6523C7A02ACC6 /* Subtitle */,
			);
			path = Core;
			sourceTree = "<group>";
		};
		E1E08F6D6CA8A82F81D97F73 /* Search */ = {
			isa = PBXGroup;
			children = (
				AFFB4DB824350D1FB180BEA1 /* ViewModels */,
				2E53965946C24A639DC56562 /* Views */,
			);
			path = Search;
			sourceTree = "<group>";
		};
		EC8B41BAFB7C4D38FAA2F3A0 /* Views */ = {
			isa = PBXGroup;
			children = (
				FE32895B73644B009BEC9758 /* PlayerProgressBar.swift */,
				162372EE7823659FFCD1E918 /* PlayerView.swift */,
				CB50A9840B362764031D0025 /* TrackSelectorView.swift */,
			);
			path = Views;
			sourceTree = "<group>";
		};
		EEE7CE448AD3D26D2778B930 /* Vanmo */ = {
			isa = PBXGroup;
			children = (
				4B358B3F19A7451D4A44F686 /* Vanmo-Bridging-Header.h */,
				18EA22E1240358F4E17759AC /* Vanmo.entitlements */,
				9ED5893EBB7E41F59F79B35F /* App */,
				DF171931D4FCCFCE69AF7F76 /* Core */,
				D248CA7B6BE164A5744F7FB5 /* Features */,
				178507B1D715420E8326931D /* Resources */,
				24245A7639FA0E39912BA3DB /* Shared */,
			);
			path = Vanmo;
			sourceTree = "<group>";
		};
		F9B7FC4381506630B8F9485D /* Browser */ = {
			isa = PBXGroup;
			children = (
				16C349C91A3C194173834941 /* Models */,
				87CF162C3DF8B4997497BDF0 /* ViewModels */,
				351148FFECB4682D7471B257 /* Views */,
			);
			path = Browser;
			sourceTree = "<group>";
		};
/* End PBXGroup section */

/* Begin PBXNativeTarget section */
		0F6607F78A5C0B637140BEB4 /* Vanmo */ = {
			isa = PBXNativeTarget;
			buildConfigurationList = C59ABAA2DD1B06AF0BD964DE /* Build configuration list for PBXNativeTarget "Vanmo" */;
			buildPhases = (
				4BAF5F8814705D75C384EEA1 /* Sources */,
				7F48313C315822F7CC82A0FC /* Resources */,
				7887B2EB0F776C4377DC0786 /* Frameworks */,
			);
			buildRules = (
			);
			dependencies = (
			);
			name = Vanmo;
			packageProductDependencies = (
				8023341C67DBE97AAEFDD222 /* SWXMLHash */,
				6F38412E2F8CD6FD00ABDF3E /* Kingfisher */,
			);
			productName = Vanmo;
			productReference = 2ED5FA5F309C5FEE69C998B0 /* Vanmo.app */;
			productType = "com.apple.product-type.application";
		};
/* End PBXNativeTarget section */

/* Begin PBXProject section */
		C09E5913DC4B59FEBFD564D4 /* Project object */ = {
			isa = PBXProject;
			attributes = {
				BuildIndependentTargetsInParallel = YES;
				LastUpgradeCheck = 1500;
				TargetAttributes = {
					0F6607F78A5C0B637140BEB4 = {
						ProvisioningStyle = Automatic;
					};
				};
			};
			buildConfigurationList = 58AA8BAB124E14F5C3547035 /* Build configuration list for PBXProject "Vanmo" */;
			compatibilityVersion = "Xcode 14.0";
			developmentRegion = en;
			hasScannedForEncodings = 0;
			knownRegions = (
				Base,
				en,
			);
			mainGroup = 47A253A5BD2F57DDD9C75880;
			minimizedProjectReferenceProxies = 1;
			packageReferences = (
				0383DE30F75F95783E318F43 /* XCRemoteSwiftPackageReference "SWXMLHash" */,
				6F38412D2F8CD6FD00ABDF3E /* XCRemoteSwiftPackageReference "Kingfisher" */,
			);
			projectDirPath = "";
			projectRoot = "";
			targets = (
				0F6607F78A5C0B637140BEB4 /* Vanmo */,
			);
		};
/* End PBXProject section */

/* Begin PBXResourcesBuildPhase section */
		7F48313C315822F7CC82A0FC /* Resources */ = {
			isa = PBXResourcesBuildPhase;
			buildActionMask = 2147483647;
			files = (
				6C559DE8C613197CDED94D0C /* Assets.xcassets in Resources */,
			);
			runOnlyForDeploymentPostprocessing = 0;
		};
/* End PBXResourcesBuildPhase section */

/* Begin PBXSourcesBuildPhase section */
		4BAF5F8814705D75C384EEA1 /* Sources */ = {
			isa = PBXSourcesBuildPhase;
			buildActionMask = 2147483647;
			files = (
				0A95157B703B08C4B2DDF526 /* AddConnectionView.swift in Sources */,
				E0103B6CF3BFE2DBE840F946 /* AppState.swift in Sources */,
				8AF236C21D46433490841F3B /* AudioRenderer.swift in Sources */,
				E074FFC90A663AA52A6C951E /* BackdropHeader.swift in Sources */,
				72BEFAE9AE6AA3775461CEA8 /* BrowserView.swift in Sources */,
				197EEEB941D6C6F3220D8584 /* BrowserViewModel.swift in Sources */,
				7D4AF0FCDB253C55CCFAD2E2 /* Color+Vanmo.swift in Sources */,
				1094DA55B4FBE66DCF440AB0 /* ConnectionModels.swift in Sources */,
				73EA987CC7F1298104A70F52 /* ContentView.swift in Sources */,
				A1B2C3D4E5F60001AABB0001 /* CountryMapper.swift in Sources */,
				21156474DADE809BFC7E4AF3 /* EmptyStateView.swift in Sources */,
				0DD369084B5D3F1835CE4564 /* FFmpegPlayerEngine.swift in Sources */,
				8631E939899680C3ABB96B47 /* FileNameParser.swift in Sources */,
				A1B2C3D4E5F60001AABB0002 /* GenreFilterView.swift in Sources */,
				84880598895D6F1B69231F91 /* HardwareDecoder.swift in Sources */,
				DB26E3C4BEC970BA23430A51 /* Int64+FileSize.swift in Sources */,
				C2F316B291D4AD249A16B8B4 /* KeychainManager.swift in Sources */,
				EF67AFEA69D6D34EF1AC1A4E /* LibraryView.swift in Sources */,
				FF84C30ADC33D47677635F7B /* LibraryViewModel.swift in Sources */,
				40B23352EAEA2801537E0094 /* LoadingView.swift in Sources */,
				D7DF318522A915C85933D66A /* Logger.swift in Sources */,
				7585ED231E19EA3B2BB88EF7 /* MKVDemuxer.swift in Sources */,
				96980FF8C625A4CA15A5C525 /* MediaDetailView.swift in Sources */,
				D0781E51FE351814142A7B35 /* MediaItem.swift in Sources */,
				C0B026066326C5E594DF0C93 /* MediaListRow.swift in Sources */,
				6B23512097F76D4CF36CE647 /* MediaScanner.swift in Sources */,
				C0F7E0FE82C8F19F0BC3D20B /* MetadataService.swift in Sources */,
				F81CDA7A6F126D61EA48E2F3 /* NetworkError.swift in Sources */,
				A1B2C3D4E5F60001AABB0003 /* PersonFilterView.swift in Sources */,
				A1B2C3D4E5F60001AABB0004 /* SecondFloorView.swift in Sources */,
				A1B2C3D4E5F60001AABB0005 /* SecondFloorItemView.swift in Sources */,
				A1B2C3D4E5F60001AABB0006 /* DominantColorExtractor.swift in Sources */,
				2281344F0A25C3DC28C9AB47 /* PlaybackRecord.swift in Sources */,
				82345C9CA31F050453C59FB0 /* PlayerEngine.swift in Sources */,
				14EA1A3581D94AF5E0C7B3B6 /* PlayerEngineFactory.swift in Sources */,
				4D1FF76F2DBB43A073DBFCAF /* PlayerProgressBar.swift in Sources */,
				7A65E96F10319126F9A09F98 /* PlayerState.swift in Sources */,
				C14C03D8FB03333392179435 /* PlayerView.swift in Sources */,
				FE0A2201C9F3CDCA472EBE00 /* PlayerViewModel.swift in Sources */,
				2DD0D4B83BF763364628E6FC /* PosterCard.swift in Sources */,
				9CD389B71AFA7599F298FD22 /* RatingBadge.swift in Sources */,
				0384C6897B4C023B8E0EDAFB /* RemoteFileService.swift in Sources */,
				C0A388896C2639B95314F339 /* SMBService.swift in Sources */,
				DCC450A0575A8F1CD6F0C5F9 /* SRTParser.swift in Sources */,
				B7A9D4A1B82703BC7469CFD1 /* SearchView.swift in Sources */,
				053F218D2F004F69BCB2A9D1 /* SearchViewModel.swift in Sources */,
				0BDB5E06E22657DF00F9BBA3 /* ServiceFactory.swift in Sources */,
				1AF2B09C006AF39CD9B4406F /* SettingsView.swift in Sources */,
				9674A00E86D78D53EDA38E2C /* SettingsViewModel.swift in Sources */,
				BBD18F5FE47CBCDA9937DB7A /* SubtitleManager.swift in Sources */,
				EEE94A8BC9E412841A4FA59F /* SubtitleOverlayView.swift in Sources */,
				C1EBCAE6CA401A3D557F0223 /* SubtitleParser.swift in Sources */,
				E250966FA2CF84BC4563EA9B /* TMDbModels.swift in Sources */,
				3EA827C21AA4FF80936FC08E /* TMDbService.swift in Sources */,
				64CF5C8E5EE52BF5A409698C /* TimeInterval+Formatting.swift in Sources */,
				B81860158F229AAAC96C7CD5 /* TrackSelectorView.swift in Sources */,
				08D449B2FCD839563D28E73A /* URL+Extensions.swift in Sources */,
				E54F50FCB644F08D13A587BE /* VTTParser.swift in Sources */,
				3CBDFA6CC2E597136D0A5676 /* VanmoApp.swift in Sources */,
				B1FFB0DE69ED0DBB40070EDE /* VideoRenderer.swift in Sources */,
				8BB64D8644EE2B2352FB49BC /* View+Extensions.swift in Sources */,
				A3B4C5D6E7F8A9B0C1D2E3F4 /* EmbyService.swift in Sources */,
				826D18F64711A688F69C554F /* WebDAVService.swift in Sources */,
			);
			runOnlyForDeploymentPostprocessing = 0;
		};
/* End PBXSourcesBuildPhase section */

/* Begin XCBuildConfiguration section */
		78DF4CFD3F47E2FA5C6E988C /* Release */ = {
			isa = XCBuildConfiguration;
			buildSettings = {
				ALWAYS_SEARCH_USER_PATHS = NO;
				ASSETCATALOG_COMPILER_APPICON_NAME = AppIcon;
				ASSETCATALOG_COMPILER_GLOBAL_ACCENT_COLOR_NAME = AccentColor;
				CLANG_ANALYZER_NONNULL = YES;
				CLANG_ANALYZER_NUMBER_OBJECT_CONVERSION = YES_AGGRESSIVE;
				CLANG_CXX_LANGUAGE_STANDARD = "gnu++14";
				CLANG_CXX_LIBRARY = "libc++";
				CLANG_ENABLE_MODULES = YES;
				CLANG_ENABLE_OBJC_ARC = YES;
				CLANG_ENABLE_OBJC_WEAK = YES;
				CLANG_WARN_BLOCK_CAPTURE_AUTORELEASING = YES;
				CLANG_WARN_BOOL_CONVERSION = YES;
				CLANG_WARN_COMMA = YES;
				CLANG_WARN_CONSTANT_CONVERSION = YES;
				CLANG_WARN_DEPRECATED_OBJC_IMPLEMENTATIONS = YES;
				CLANG_WARN_DIRECT_OBJC_ISA_USAGE = YES_ERROR;
				CLANG_WARN_DOCUMENTATION_COMMENTS = YES;
				CLANG_WARN_EMPTY_BODY = YES;
				CLANG_WARN_ENUM_CONVERSION = YES;
				CLANG_WARN_INFINITE_RECURSION = YES;
				CLANG_WARN_INT_CONVERSION = YES;
				CLANG_WARN_NON_LITERAL_NULL_CONVERSION = YES;
				CLANG_WARN_OBJC_IMPLICIT_RETAIN_SELF = YES;
				CLANG_WARN_OBJC_LITERAL_CONVERSION = YES;
				CLANG_WARN_OBJC_ROOT_CLASS = YES_ERROR;
				CLANG_WARN_QUOTED_INCLUDE_IN_FRAMEWORK_HEADER = YES;
				CLANG_WARN_RANGE_LOOP_ANALYSIS = YES;
				CLANG_WARN_STRICT_PROTOTYPES = YES;
				CLANG_WARN_SUSPICIOUS_MOVE = YES;
				CLANG_WARN_UNGUARDED_AVAILABILITY = YES_AGGRESSIVE;
				CLANG_WARN_UNREACHABLE_CODE = YES;
				CLANG_WARN__DUPLICATE_METHOD_MATCH = YES;
				CODE_SIGN_STYLE = Automatic;
				COPY_PHASE_STRIP = NO;
				CURRENT_PROJECT_VERSION = 1;
				DEBUG_INFORMATION_FORMAT = "dwarf-with-dsym";
				DEVELOPMENT_TEAM = "";
				ENABLE_NS_ASSERTIONS = NO;
				ENABLE_STRICT_OBJC_MSGSEND = YES;
				GCC_C_LANGUAGE_STANDARD = gnu11;
				GCC_NO_COMMON_BLOCKS = YES;
				GCC_WARN_64_TO_32_BIT_CONVERSION = YES;
				GCC_WARN_ABOUT_RETURN_TYPE = YES_ERROR;
				GCC_WARN_UNDECLARED_SELECTOR = YES;
				GCC_WARN_UNINITIALIZED_AUTOS = YES_AGGRESSIVE;
				GCC_WARN_UNUSED_FUNCTION = YES;
				GCC_WARN_UNUSED_VARIABLE = YES;
				INFOPLIST_FILE = Vanmo/Resources/Info.plist;
				IPHONEOS_DEPLOYMENT_TARGET = 17.0;
				MARKETING_VERSION = 1.0.0;
				MTL_ENABLE_DEBUG_INFO = NO;
				MTL_FAST_MATH = YES;
				PRODUCT_NAME = "$(TARGET_NAME)";
				SDKROOT = iphoneos;
				SWIFT_COMPILATION_MODE = wholemodule;
				SWIFT_OPTIMIZATION_LEVEL = "-O";
				SWIFT_VERSION = 5.9;
			};
			name = Release;
		};
		ADD14113AB831B4CD66C64B8 /* Debug */ = {
			isa = XCBuildConfiguration;
			buildSettings = {
				ASSETCATALOG_COMPILER_APPICON_NAME = AppIcon;
				CODE_SIGN_ENTITLEMENTS = Vanmo/Vanmo.entitlements;
				CODE_SIGN_IDENTITY = "iPhone Developer";
				DEVELOPMENT_TEAM = L775YJ7YS4;
				GCC_PREPROCESSOR_DEFINITIONS = (
					"FFMPEG_ENABLED=1",
					"$(inherited)",
				);
				GENERATE_INFOPLIST_FILE = NO;
				HEADER_SEARCH_PATHS = "$(PROJECT_DIR)/Vanmo/Frameworks/FFmpeg/include";
				INFOPLIST_FILE = Vanmo/Resources/Info.plist;
				LD_RUNPATH_SEARCH_PATHS = (
					"$(inherited)",
					"@executable_path/Frameworks",
				);
				LIBRARY_SEARCH_PATHS = "$(PROJECT_DIR)/Vanmo/Frameworks/FFmpeg/lib/$(PLATFORM_NAME)";
				OTHER_LDFLAGS = (
					"-lavformat",
					"-lavcodec",
					"-lavutil",
					"-lswscale",
					"-lswresample",
					"-lz",
					"-lbz2",
					"-liconv",
					"-framework",
					Security,
					"-framework",
					CoreFoundation,
				);
				OTHER_SWIFT_FLAGS = "-DFFMPEG_ENABLED";
				PRODUCT_BUNDLE_IDENTIFIER = com.vanmo.app;
				SDKROOT = iphoneos;
				SWIFT_OBJC_BRIDGING_HEADER = "Vanmo/Vanmo-Bridging-Header.h";
				TARGETED_DEVICE_FAMILY = "1,2";
			};
			name = Debug;
		};
		B014DF21DA8B7A1DFB365F13 /* Release */ = {
			isa = XCBuildConfiguration;
			buildSettings = {
				ASSETCATALOG_COMPILER_APPICON_NAME = AppIcon;
				CODE_SIGN_ENTITLEMENTS = Vanmo/Vanmo.entitlements;
				CODE_SIGN_IDENTITY = "iPhone Developer";
				DEVELOPMENT_TEAM = L775YJ7YS4;
				GCC_PREPROCESSOR_DEFINITIONS = (
					"FFMPEG_ENABLED=1",
					"$(inherited)",
				);
				GENERATE_INFOPLIST_FILE = NO;
				HEADER_SEARCH_PATHS = "$(PROJECT_DIR)/Vanmo/Frameworks/FFmpeg/include";
				INFOPLIST_FILE = Vanmo/Resources/Info.plist;
				LD_RUNPATH_SEARCH_PATHS = (
					"$(inherited)",
					"@executable_path/Frameworks",
				);
				LIBRARY_SEARCH_PATHS = "$(PROJECT_DIR)/Vanmo/Frameworks/FFmpeg/lib/$(PLATFORM_NAME)";
				OTHER_LDFLAGS = (
					"-lavformat",
					"-lavcodec",
					"-lavutil",
					"-lswscale",
					"-lswresample",
					"-lz",
					"-lbz2",
					"-liconv",
					"-framework",
					Security,
					"-framework",
					CoreFoundation,
				);
				OTHER_SWIFT_FLAGS = "-DFFMPEG_ENABLED";
				PRODUCT_BUNDLE_IDENTIFIER = com.vanmo.app;
				SDKROOT = iphoneos;
				SWIFT_OBJC_BRIDGING_HEADER = "Vanmo/Vanmo-Bridging-Header.h";
				TARGETED_DEVICE_FAMILY = "1,2";
			};
			name = Release;
		};
		F050C5AEDD0DF01A27D47DE7 /* Debug */ = {
			isa = XCBuildConfiguration;
			buildSettings = {
				ALWAYS_SEARCH_USER_PATHS = NO;
				ASSETCATALOG_COMPILER_APPICON_NAME = AppIcon;
				ASSETCATALOG_COMPILER_GLOBAL_ACCENT_COLOR_NAME = AccentColor;
				CLANG_ANALYZER_NONNULL = YES;
				CLANG_ANALYZER_NUMBER_OBJECT_CONVERSION = YES_AGGRESSIVE;
				CLANG_CXX_LANGUAGE_STANDARD = "gnu++14";
				CLANG_CXX_LIBRARY = "libc++";
				CLANG_ENABLE_MODULES = YES;
				CLANG_ENABLE_OBJC_ARC = YES;
				CLANG_ENABLE_OBJC_WEAK = YES;
				CLANG_WARN_BLOCK_CAPTURE_AUTORELEASING = YES;
				CLANG_WARN_BOOL_CONVERSION = YES;
				CLANG_WARN_COMMA = YES;
				CLANG_WARN_CONSTANT_CONVERSION = YES;
				CLANG_WARN_DEPRECATED_OBJC_IMPLEMENTATIONS = YES;
				CLANG_WARN_DIRECT_OBJC_ISA_USAGE = YES_ERROR;
				CLANG_WARN_DOCUMENTATION_COMMENTS = YES;
				CLANG_WARN_EMPTY_BODY = YES;
				CLANG_WARN_ENUM_CONVERSION = YES;
				CLANG_WARN_INFINITE_RECURSION = YES;
				CLANG_WARN_INT_CONVERSION = YES;
				CLANG_WARN_NON_LITERAL_NULL_CONVERSION = YES;
				CLANG_WARN_OBJC_IMPLICIT_RETAIN_SELF = YES;
				CLANG_WARN_OBJC_LITERAL_CONVERSION = YES;
				CLANG_WARN_OBJC_ROOT_CLASS = YES_ERROR;
				CLANG_WARN_QUOTED_INCLUDE_IN_FRAMEWORK_HEADER = YES;
				CLANG_WARN_RANGE_LOOP_ANALYSIS = YES;
				CLANG_WARN_STRICT_PROTOTYPES = YES;
				CLANG_WARN_SUSPICIOUS_MOVE = YES;
				CLANG_WARN_UNGUARDED_AVAILABILITY = YES_AGGRESSIVE;
				CLANG_WARN_UNREACHABLE_CODE = YES;
				CLANG_WARN__DUPLICATE_METHOD_MATCH = YES;
				CODE_SIGN_STYLE = Automatic;
				COPY_PHASE_STRIP = NO;
				CURRENT_PROJECT_VERSION = 1;
				DEBUG_INFORMATION_FORMAT = dwarf;
				DEVELOPMENT_TEAM = "";
				ENABLE_STRICT_OBJC_MSGSEND = YES;
				ENABLE_TESTABILITY = YES;
				GCC_C_LANGUAGE_STANDARD = gnu11;
				GCC_DYNAMIC_NO_PIC = NO;
				GCC_NO_COMMON_BLOCKS = YES;
				GCC_OPTIMIZATION_LEVEL = 0;
				GCC_PREPROCESSOR_DEFINITIONS = (
					"$(inherited)",
					"DEBUG=1",
				);
				GCC_WARN_64_TO_32_BIT_CONVERSION = YES;
				GCC_WARN_ABOUT_RETURN_TYPE = YES_ERROR;
				GCC_WARN_UNDECLARED_SELECTOR = YES;
				GCC_WARN_UNINITIALIZED_AUTOS = YES_AGGRESSIVE;
				GCC_WARN_UNUSED_FUNCTION = YES;
				GCC_WARN_UNUSED_VARIABLE = YES;
				INFOPLIST_FILE = Vanmo/Resources/Info.plist;
				IPHONEOS_DEPLOYMENT_TARGET = 17.0;
				MARKETING_VERSION = 1.0.0;
				MTL_ENABLE_DEBUG_INFO = INCLUDE_SOURCE;
				MTL_FAST_MATH = YES;
				ONLY_ACTIVE_ARCH = YES;
				PRODUCT_NAME = "$(TARGET_NAME)";
				SDKROOT = iphoneos;
				SWIFT_ACTIVE_COMPILATION_CONDITIONS = DEBUG;
				SWIFT_OPTIMIZATION_LEVEL = "-Onone";
				SWIFT_VERSION = 5.9;
			};
			name = Debug;
		};
/* End XCBuildConfiguration section */

/* Begin XCConfigurationList section */
		58AA8BAB124E14F5C3547035 /* Build configuration list for PBXProject "Vanmo" */ = {
			isa = XCConfigurationList;
			buildConfigurations = (
				F050C5AEDD0DF01A27D47DE7 /* Debug */,
				78DF4CFD3F47E2FA5C6E988C /* Release */,
			);
			defaultConfigurationIsVisible = 0;
			defaultConfigurationName = Debug;
		};
		C59ABAA2DD1B06AF0BD964DE /* Build configuration list for PBXNativeTarget "Vanmo" */ = {
			isa = XCConfigurationList;
			buildConfigurations = (
				ADD14113AB831B4CD66C64B8 /* Debug */,
				B014DF21DA8B7A1DFB365F13 /* Release */,
			);
			defaultConfigurationIsVisible = 0;
			defaultConfigurationName = Debug;
		};
/* End XCConfigurationList section */

/* Begin XCRemoteSwiftPackageReference section */
		0383DE30F75F95783E318F43 /* XCRemoteSwiftPackageReference "SWXMLHash" */ = {
			isa = XCRemoteSwiftPackageReference;
			repositoryURL = "https://github.com/drmohundro/SWXMLHash.git";
			requirement = {
				kind = upToNextMajorVersion;
				minimumVersion = 8.1.1;
			};
		};
		6F38412D2F8CD6FD00ABDF3E /* XCRemoteSwiftPackageReference "Kingfisher" */ = {
			isa = XCRemoteSwiftPackageReference;
			repositoryURL = "https://github.com/onevcat/Kingfisher.git";
			requirement = {
				kind = upToNextMajorVersion;
				minimumVersion = 8.8.1;
			};
		};
/* End XCRemoteSwiftPackageReference section */

/* Begin XCSwiftPackageProductDependency section */
		6F38412E2F8CD6FD00ABDF3E /* Kingfisher */ = {
			isa = XCSwiftPackageProductDependency;
			package = 6F38412D2F8CD6FD00ABDF3E /* XCRemoteSwiftPackageReference "Kingfisher" */;
			productName = Kingfisher;
		};
		8023341C67DBE97AAEFDD222 /* SWXMLHash */ = {
			isa = XCSwiftPackageProductDependency;
			package = 0383DE30F75F95783E318F43 /* XCRemoteSwiftPackageReference "SWXMLHash" */;
			productName = SWXMLHash;
		};
/* End XCSwiftPackageProductDependency section */
	};
	rootObject = C09E5913DC4B59FEBFD564D4 /* Project object */;
}
